// !$*UTF8*$!
{
	archiveVersion = 1;
	classes = {
	};
	objectVersion = 56;
	objects = {

/* Begin PBXBuildFile section */
		3C08BAAC2C8949E9007C34DC /* AppDelegate.swift in Sources */ = {isa = PBXBuildFile; fileRef = 3C08BAAB2C8949E9007C34DC /* AppDelegate.swift */; };
		3C08BAAE2C8949E9007C34DC /* SceneDelegate.swift in Sources */ = {isa = PBXBuildFile; fileRef = 3C08BAAD2C8949E9007C34DC /* SceneDelegate.swift */; };
		3C08BAB02C8949E9007C34DC /* ViewController.swift in Sources */ = {isa = PBXBuildFile; fileRef = 3C08BAAF2C8949E9007C34DC /* ViewController.swift */; };
		3C08BAB32C8949E9007C34DC /* Base in Resources */ = {isa = PBXBuildFile; fileRef = 3C08BAB22C8949E9007C34DC /* Base */; };
		3C08BAB52C8949F1007C34DC /* Assets.xcassets in Resources */ = {isa = PBXBuildFile; fileRef = 3C08BAB42C8949F1007C34DC /* Assets.xcassets */; };
		3C08BAB82C8949F1007C34DC /* Base in Resources */ = {isa = PBXBuildFile; fileRef = 3C08BAB72C8949F1007C34DC /* Base */; };
		3C08BAC02C896491007C34DC /* LoginView.swift in Sources */ = {isa = PBXBuildFile; fileRef = 3C08BABF2C896491007C34DC /* LoginView.swift */; };
		3C08BAC22C89649E007C34DC /* ResultView.swift in Sources */ = {isa = PBXBuildFile; fileRef = 3C08BAC12C89649E007C34DC /* ResultView.swift */; };
		3C08BAC42C8964AD007C34DC /* SplashScreenView.swift in Sources */ = {isa = PBXBuildFile; fileRef = 3C08BAC32C8964AD007C34DC /* SplashScreenView.swift */; };
		3C08BAC62C8964BA007C34DC /* PhotoCaptureView.swift in Sources */ = {isa = PBXBuildFile; fileRef = 3C08BAC52C8964BA007C34DC /* PhotoCaptureView.swift */; };
		3C08BAC82C8964CB007C34DC /* UIImageExtensions.swift in Sources */ = {isa = PBXBuildFile; fileRef = 3C08BAC72C8964CB007C34DC /* UIImageExtensions.swift */; };
		3C7DEF112C8D1032006ECA43 /* IngredientsCheckView.swift in Sources */ = {isa = PBXBuildFile; fileRef = 3C7DEF102C8D1032006ECA43 /* IngredientsCheckView.swift */; };
		3C7DEF132C8D106E006ECA43 /* ImagePicker.swift in Sources */ = {isa = PBXBuildFile; fileRef = 3C7DEF122C8D106E006ECA43 /* ImagePicker.swift */; };
		3CC55CFA2C8C279D00255922 /* ShineUp.mlmodel in Sources */ = {isa = PBXBuildFile; fileRef = 3CC55CF92C8C279D00255922 /* ShineUp.mlmodel */; };
/* End PBXBuildFile section */

/* Begin PBXFileReference section */
		3C08BAA82C8949E9007C34DC /* ShineUp.app */ = {isa = PBXFileReference; explicitFileType = wrapper.application; includeInIndex = 0; path = ShineUp.app; sourceTree = BUILT_PRODUCTS_DIR; };
		3C08BAAB2C8949E9007C34DC /* AppDelegate.swift */ = {isa = PBXFileReference; lastKnownFileType = sourcecode.swift; path = AppDelegate.swift; sourceTree = "<group>"; };
		3C08BAAD2C8949E9007C34DC /* SceneDelegate.swift */ = {isa = PBXFileReference; lastKnownFileType = sourcecode.swift; path = SceneDelegate.swift; sourceTree = "<group>"; };
		3C08BAAF2C8949E9007C34DC /* ViewController.swift */ = {isa = PBXFileReference; lastKnownFileType = sourcecode.swift; path = ViewController.swift; sourceTree = "<group>"; };
		3C08BAB22C8949E9007C34DC /* Base */ = {isa = PBXFileReference; lastKnownFileType = file.storyboard; name = Base; path = Base.lproj/Main.storyboard; sourceTree = "<group>"; };
		3C08BAB42C8949F1007C34DC /* Assets.xcassets */ = {isa = PBXFileReference; lastKnownFileType = folder.assetcatalog; path = Assets.xcassets; sourceTree = "<group>"; };
		3C08BAB72C8949F1007C34DC /* Base */ = {isa = PBXFileReference; lastKnownFileType = file.storyboard; name = Base; path = Base.lproj/LaunchScreen.storyboard; sourceTree = "<group>"; };
		3C08BAB92C8949F1007C34DC /* Info.plist */ = {isa = PBXFileReference; lastKnownFileType = text.plist.xml; path = Info.plist; sourceTree = "<group>"; };
		3C08BABF2C896491007C34DC /* LoginView.swift */ = {isa = PBXFileReference; lastKnownFileType = sourcecode.swift; path = LoginView.swift; sourceTree = "<group>"; };
		3C08BAC12C89649E007C34DC /* ResultView.swift */ = {isa = PBXFileReference; lastKnownFileType = sourcecode.swift; path = ResultView.swift; sourceTree = "<group>"; };
		3C08BAC32C8964AD007C34DC /* SplashScreenView.swift */ = {isa = PBXFileReference; lastKnownFileType = sourcecode.swift; path = SplashScreenView.swift; sourceTree = "<group>"; };
		3C08BAC52C8964BA007C34DC /* PhotoCaptureView.swift */ = {isa = PBXFileReference; lastKnownFileType = sourcecode.swift; path = PhotoCaptureView.swift; sourceTree = "<group>"; };
		3C08BAC72C8964CB007C34DC /* UIImageExtensions.swift */ = {isa = PBXFileReference; lastKnownFileType = sourcecode.swift; path = UIImageExtensions.swift; sourceTree = "<group>"; };
		3C7DEF102C8D1032006ECA43 /* IngredientsCheckView.swift */ = {isa = PBXFileReference; lastKnownFileType = sourcecode.swift; path = IngredientsCheckView.swift; sourceTree = "<group>"; };
		3C7DEF122C8D106E006ECA43 /* ImagePicker.swift */ = {isa = PBXFileReference; lastKnownFileType = sourcecode.swift; path = ImagePicker.swift; sourceTree = "<group>"; };
		3CC55CF92C8C279D00255922 /* ShineUp.mlmodel */ = {isa = PBXFileReference; lastKnownFileType = file.mlmodel; path = ShineUp.mlmodel; sourceTree = "<group>"; };
/* End PBXFileReference section */

/* Begin PBXFrameworksBuildPhase section */
		3C08BAA52C8949E9007C34DC /* Frameworks */ = {
			isa = PBXFrameworksBuildPhase;
			buildActionMask = 2147483647;
			files = (
			);
			runOnlyForDeploymentPostprocessing = 0;
		};
/* End PBXFrameworksBuildPhase section */

/* Begin PBXGroup section */
		3C08BA9F2C8949E9007C34DC = {
			isa = PBXGroup;
			children = (
				3C08BAAA2C8949E9007C34DC /* ShineUp */,
				3C08BAA92C8949E9007C34DC /* Products */,
			);
			sourceTree = "<group>";
		};
		3C08BAA92C8949E9007C34DC /* Products */ = {
			isa = PBXGroup;
			children = (
				3C08BAA82C8949E9007C34DC /* ShineUp.app */,
			);
			name = Products;
			sourceTree = "<group>";
		};
		3C08BAAA2C8949E9007C34DC /* ShineUp */ = {
			isa = PBXGroup;
			children = (
				3C08BAAB2C8949E9007C34DC /* AppDelegate.swift */,
				3C08BAAD2C8949E9007C34DC /* SceneDelegate.swift */,
				3C08BAAF2C8949E9007C34DC /* ViewController.swift */,
				3C7DEF122C8D106E006ECA43 /* ImagePicker.swift */,
				3C7DEF102C8D1032006ECA43 /* IngredientsCheckView.swift */,
				3C08BAC72C8964CB007C34DC /* UIImageExtensions.swift */,
				3C08BAC52C8964BA007C34DC /* PhotoCaptureView.swift */,
				3C08BAC12C89649E007C34DC /* ResultView.swift */,
				3C08BAC32C8964AD007C34DC /* SplashScreenView.swift */,
				3C08BABF2C896491007C34DC /* LoginView.swift */,
				3C08BAB12C8949E9007C34DC /* Main.storyboard */,
				3C08BAB42C8949F1007C34DC /* Assets.xcassets */,
				3CC55CF92C8C279D00255922 /* ShineUp.mlmodel */,
				3C08BAB62C8949F1007C34DC /* LaunchScreen.storyboard */,
				3C08BAB92C8949F1007C34DC /* Info.plist */,
			);
			path = ShineUp;
			sourceTree = "<group>";
		};
/* End PBXGroup section */

/* Begin PBXNativeTarget section */
		3C08BAA72C8949E9007C34DC /* ShineUp */ = {
			isa = PBXNativeTarget;
			buildConfigurationList = 3C08BABC2C8949F1007C34DC /* Build configuration list for PBXNativeTarget "ShineUp" */;
			buildPhases = (
				3C08BAA42C8949E9007C34DC /* Sources */,
				3C08BAA52C8949E9007C34DC /* Frameworks */,
				3C08BAA62C8949E9007C34DC /* Resources */,
			);
			buildRules = (
			);
			dependencies = (
			);
			name = ShineUp;
			productName = ShineUp;
			productReference = 3C08BAA82C8949E9007C34DC /* ShineUp.app */;
			productType = "com.apple.product-type.application";
		};
/* End PBXNativeTarget section */

/* Begin PBXProject section */
		3C08BAA02C8949E9007C34DC /* Project object */ = {
			isa = PBXProject;
			attributes = {
				BuildIndependentTargetsInParallel = 1;
				LastSwiftUpdateCheck = 1540;
				LastUpgradeCheck = 1540;
				TargetAttributes = {
					3C08BAA72C8949E9007C34DC = {
						CreatedOnToolsVersion = 15.4;
					};
				};
			};
			buildConfigurationList = 3C08BAA32C8949E9007C34DC /* Build configuration list for PBXProject "ShineUp" */;
			compatibilityVersion = "Xcode 14.0";
			developmentRegion = en;
			hasScannedForEncodings = 0;
			knownRegions = (
				en,
				Base,
			);
			mainGroup = 3C08BA9F2C8949E9007C34DC;
			productRefGroup = 3C08BAA92C8949E9007C34DC /* Products */;
			projectDirPath = "";
			projectRoot = "";
			targets = (
				3C08BAA72C8949E9007C34DC /* ShineUp */,
			);
		};
/* End PBXProject section */

/* Begin PBXResourcesBuildPhase section */
		3C08BAA62C8949E9007C34DC /* Resources */ = {
			isa = PBXResourcesBuildPhase;
			buildActionMask = 2147483647;
			files = (
				3C08BAB52C8949F1007C34DC /* Assets.xcassets in Resources */,
				3C08BAB82C8949F1007C34DC /* Base in Resources */,
				3C08BAB32C8949E9007C34DC /* Base in Resources */,
			);
			runOnlyForDeploymentPostprocessing = 0;
		};
/* End PBXResourcesBuildPhase section */

/* Begin PBXSourcesBuildPhase section */
		3C08BAA42C8949E9007C34DC /* Sources */ = {
			isa = PBXSourcesBuildPhase;
			buildActionMask = 2147483647;
			files = (
				3C08BAB02C8949E9007C34DC /* ViewController.swift in Sources */,
				3C08BAAC2C8949E9007C34DC /* AppDelegate.swift in Sources */,
				3C7DEF112C8D1032006ECA43 /* IngredientsCheckView.swift in Sources */,
				3C08BAC62C8964BA007C34DC /* PhotoCaptureView.swift in Sources */,
				3C08BAC82C8964CB007C34DC /* UIImageExtensions.swift in Sources */,
				3C08BAC22C89649E007C34DC /* ResultView.swift in Sources */,
				3C08BAC02C896491007C34DC /* LoginView.swift in Sources */,
				3C7DEF132C8D106E006ECA43 /* ImagePicker.swift in Sources */,
				3C08BAAE2C8949E9007C34DC /* SceneDelegate.swift in Sources */,
				3C08BAC42C8964AD007C34DC /* SplashScreenView.swift in Sources */,
				3CC55CFA2C8C279D00255922 /* ShineUp.mlmodel in Sources */,
			);
			runOnlyForDeploymentPostprocessing = 0;
		};
/* End PBXSourcesBuildPhase section */

/* Begin PBXVariantGroup section */
		3C08BAB12C8949E9007C34DC /* Main.storyboard */ = {
			isa = PBXVariantGroup;
			children = (
				3C08BAB22C8949E9007C34DC /* Base */,
			);
			name = Main.storyboard;
			sourceTree = "<group>";
		};
		3C08BAB62C8949F1007C34DC /* LaunchScreen.storyboard */ = {
			isa = PBXVariantGroup;
			children = (
				3C08BAB72C8949F1007C34DC /* Base */,
			);
			name = LaunchScreen.storyboard;
			sourceTree = "<group>";
		};
/* End PBXVariantGroup section */

/* Begin XCBuildConfiguration section */
		3C08BABA2C8949F1007C34DC /* Debug */ = {
			isa = XCBuildConfiguration;
			buildSettings = {
				ALWAYS_SEARCH_USER_PATHS = NO;
				ASSETCATALOG_COMPILER_GENERATE_SWIFT_ASSET_SYMBOL_EXTENSIONS = YES;
				CLANG_ANALYZER_NONNULL = YES;
				CLANG_ANALYZER_NUMBER_OBJECT_CONVERSION = YES_AGGRESSIVE;
				CLANG_CXX_LANGUAGE_STANDARD = "gnu++20";
				CLANG_ENABLE_MODULES = YES;
				CLANG_ENABLE_OBJC_ARC = YES;
				CLANG_ENABLE_OBJC_WEAK = YES;
				CLANG_WARN_BLOCK_CAPTURE_AUTORELEASING = YES;
				CLANG_WARN_BOOL_CONVERSION = YES;
				CLANG_WARN_COMMA = YES;
				CLANG_WARN_CONSTANT_CONVERSION = YES;
				CLANG_WARN_DEPRECATED_OBJC_IMPLEMENTATIONS = YES;
				CLANG_WARN_DIRECT_OBJC_ISA_USAGE = YES_ERROR;
				CLANG_WARN_DOCUMENTATION_COMMENTS = YES;
				CLANG_WARN_EMPTY_BODY = YES;
				CLANG_WARN_ENUM_CONVERSION = YES;
				CLANG_WARN_INFINITE_RECURSION = YES;
				CLANG_WARN_INT_CONVERSION = YES;
				CLANG_WARN_NON_LITERAL_NULL_CONVERSION = YES;
				CLANG_WARN_OBJC_IMPLICIT_RETAIN_SELF = YES;
				CLANG_WARN_OBJC_LITERAL_CONVERSION = YES;
				CLANG_WARN_OBJC_ROOT_CLASS = YES_ERROR;
				CLANG_WARN_QUOTED_INCLUDE_IN_FRAMEWORK_HEADER = YES;
				CLANG_WARN_RANGE_LOOP_ANALYSIS = YES;
				CLANG_WARN_STRICT_PROTOTYPES = YES;
				CLANG_WARN_SUSPICIOUS_MOVE = YES;
				CLANG_WARN_UNGUARDED_AVAILABILITY = YES_AGGRESSIVE;
				CLANG_WARN_UNREACHABLE_CODE = YES;
				CLANG_WARN__DUPLICATE_METHOD_MATCH = YES;
				COPY_PHASE_STRIP = NO;
				DEBUG_INFORMATION_FORMAT = dwarf;
				ENABLE_STRICT_OBJC_MSGSEND = YES;
				ENABLE_TESTABILITY = YES;
				ENABLE_USER_SCRIPT_SANDBOXING = YES;
				GCC_C_LANGUAGE_STANDARD = gnu17;
				GCC_DYNAMIC_NO_PIC = NO;
				GCC_NO_COMMON_BLOCKS = YES;
				GCC_OPTIMIZATION_LEVEL = 0;
				GCC_PREPROCESSOR_DEFINITIONS = (
					"DEBUG=1",
					"$(inherited)",
				);
				GCC_WARN_64_TO_32_BIT_CONVERSION = YES;
				GCC_WARN_ABOUT_RETURN_TYPE = YES_ERROR;
				GCC_WARN_UNDECLARED_SELECTOR = YES;
				GCC_WARN_UNINITIALIZED_AUTOS = YES_AGGRESSIVE;
				GCC_WARN_UNUSED_FUNCTION = YES;
				GCC_WARN_UNUSED_VARIABLE = YES;
				IPHONEOS_DEPLOYMENT_TARGET = 17.5;
				LOCALIZATION_PREFERS_STRING_CATALOGS = YES;
				MTL_ENABLE_DEBUG_INFO = INCLUDE_SOURCE;
				MTL_FAST_MATH = YES;
				ONLY_ACTIVE_ARCH = YES;
				SDKROOT = iphoneos;
				SWIFT_ACTIVE_COMPILATION_CONDITIONS = "DEBUG $(inherited)";
				SWIFT_OPTIMIZATION_LEVEL = "-Onone";
			};
			name = Debug;
		};
		3C08BABB2C8949F1007C34DC /* Release */ = {
			isa = XCBuildConfiguration;
			buildSettings = {
				ALWAYS_SEARCH_USER_PATHS = NO;
				ASSETCATALOG_COMPILER_GENERATE_SWIFT_ASSET_SYMBOL_EXTENSIONS = YES;
				CLANG_ANALYZER_NONNULL = YES;
				CLANG_ANALYZER_NUMBER_OBJECT_CONVERSION = YES_AGGRESSIVE;
				CLANG_CXX_LANGUAGE_STANDARD = "gnu++20";
				CLANG_ENABLE_MODULES = YES;
				CLANG_ENABLE_OBJC_ARC = YES;
				CLANG_ENABLE_OBJC_WEAK = YES;
				CLANG_WARN_BLOCK_CAPTURE_AUTORELEASING = YES;
				CLANG_WARN_BOOL_CONVERSION = YES;
				CLANG_WARN_COMMA = YES;
				CLANG_WARN_CONSTANT_CONVERSION = YES;
				CLANG_WARN_DEPRECATED_OBJC_IMPLEMENTATIONS = YES;
				CLANG_WARN_DIRECT_OBJC_ISA_USAGE = YES_ERROR;
				CLANG_WARN_DOCUMENTATION_COMMENTS = YES;
				CLANG_WARN_EMPTY_BODY = YES;
				CLANG_WARN_ENUM_CONVERSION = YES;
				CLANG_WARN_INFINITE_RECURSION = YES;
				CLANG_WARN_INT_CONVERSION = YES;
				CLANG_WARN_NON_LITERAL_NULL_CONVERSION = YES;
				CLANG_WARN_OBJC_IMPLICIT_RETAIN_SELF = YES;
				CLANG_WARN_OBJC_LITERAL_CONVERSION = YES;
				CLANG_WARN_OBJC_ROOT_CLASS = YES_ERROR;
				CLANG_WARN_QUOTED_INCLUDE_IN_FRAMEWORK_HEADER = YES;
				CLANG_WARN_RANGE_LOOP_ANALYSIS = YES;
				CLANG_WARN_STRICT_PROTOTYPES = YES;
				CLANG_WARN_SUSPICIOUS_MOVE = YES;
				CLANG_WARN_UNGUARDED_AVAILABILITY = YES_AGGRESSIVE;
				CLANG_WARN_UNREACHABLE_CODE = YES;
				CLANG_WARN__DUPLICATE_METHOD_MATCH = YES;
				COPY_PHASE_STRIP = NO;
				DEBUG_INFORMATION_FORMAT = "dwarf-with-dsym";
				ENABLE_NS_ASSERTIONS = NO;
				ENABLE_STRICT_OBJC_MSGSEND = YES;
				ENABLE_USER_SCRIPT_SANDBOXING = YES;
				GCC_C_LANGUAGE_STANDARD = gnu17;
				GCC_NO_COMMON_BLOCKS = YES;
				GCC_WARN_64_TO_32_BIT_CONVERSION = YES;
				GCC_WARN_ABOUT_RETURN_TYPE = YES_ERROR;
				GCC_WARN_UNDECLARED_SELECTOR = YES;
				GCC_WARN_UNINITIALIZED_AUTOS = YES_AGGRESSIVE;
				GCC_WARN_UNUSED_FUNCTION = YES;
				GCC_WARN_UNUSED_VARIABLE = YES;
				IPHONEOS_DEPLOYMENT_TARGET = 17.5;
				LOCALIZATION_PREFERS_STRING_CATALOGS = YES;
				MTL_ENABLE_DEBUG_INFO = NO;
				MTL_FAST_MATH = YES;
				SDKROOT = iphoneos;
				SWIFT_COMPILATION_MODE = wholemodule;
				VALIDATE_PRODUCT = YES;
			};
			name = Release;
		};
		3C08BABD2C8949F1007C34DC /* Debug */ = {
			isa = XCBuildConfiguration;
			buildSettings = {
				ASSETCATALOG_COMPILER_APPICON_NAME = AppIcon;
				ASSETCATALOG_COMPILER_GLOBAL_ACCENT_COLOR_NAME = AccentColor;
				CODE_SIGN_STYLE = Automatic;
				CURRENT_PROJECT_VERSION = 1;
				DEVELOPMENT_TEAM = 2582NRYCS7;
				GENERATE_INFOPLIST_FILE = YES;
				INFOPLIST_FILE = ShineUp/Info.plist;
				INFOPLIST_KEY_NSCameraUsageDescription = "We need access to your camera to take photos.";
				INFOPLIST_KEY_UIApplicationSupportsIndirectInputEvents = YES;
				INFOPLIST_KEY_UILaunchStoryboardName = LaunchScreen;
				INFOPLIST_KEY_UIMainStoryboardFile = Main;
				INFOPLIST_KEY_UISupportedInterfaceOrientations_iPad = "UIInterfaceOrientationPortrait UIInterfaceOrientationPortraitUpsideDown UIInterfaceOrientationLandscapeLeft UIInterfaceOrientationLandscapeRight";
				INFOPLIST_KEY_UISupportedInterfaceOrientations_iPhone = "UIInterfaceOrientationPortrait UIInterfaceOrientationLandscapeLeft UIInterfaceOrientationLandscapeRight";
				LD_RUNPATH_SEARCH_PATHS = (
					"$(inherited)",
					"@executable_path/Frameworks",
				);
				MARKETING_VERSION = 1.0;
				PRODUCT_BUNDLE_IDENTIFIER = "com.ShineUp-";
				PRODUCT_NAME = "$(TARGET_NAME)";
				SWIFT_EMIT_LOC_STRINGS = YES;
				SWIFT_VERSION = 5.0;
				TARGETED_DEVICE_FAMILY = "1,2";
			};
			name = Debug;
		};
		3C08BABE2C8949F1007C34DC /* Release */ = {
			isa = XCBuildConfiguration;
			buildSettings = {
				ASSETCATALOG_COMPILER_APPICON_NAME = AppIcon;
				ASSETCATALOG_COMPILER_GLOBAL_ACCENT_COLOR_NAME = AccentColor;
				CODE_SIGN_STYLE = Automatic;
				CURRENT_PROJECT_VERSION = 1;
				DEVELOPMENT_TEAM = 2582NRYCS7;
				GENERATE_INFOPLIST_FILE = YES;
				INFOPLIST_FILE = ShineUp/Info.plist;
				INFOPLIST_KEY_NSCameraUsageDescription = "We need access to your camera to take photos.";
				INFOPLIST_KEY_UIApplicationSupportsIndirectInputEvents = YES;
				INFOPLIST_KEY_UILaunchStoryboardName = LaunchScreen;
				INFOPLIST_KEY_UIMainStoryboardFile = Main;
				INFOPLIST_KEY_UISupportedInterfaceOrientations_iPad = "UIInterfaceOrientationPortrait UIInterfaceOrientationPortraitUpsideDown UIInterfaceOrientationLandscapeLeft UIInterfaceOrientationLandscapeRight";
				INFOPLIST_KEY_UISupportedInterfaceOrientations_iPhone = "UIInterfaceOrientationPortrait UIInterfaceOrientationLandscapeLeft UIInterfaceOrientationLandscapeRight";
				LD_RUNPATH_SEARCH_PATHS = (
					"$(inherited)",
					"@executable_path/Frameworks",
				);
				MARKETING_VERSION = 1.0;
				PRODUCT_BUNDLE_IDENTIFIER = "com.ShineUp-";
				PRODUCT_NAME = "$(TARGET_NAME)";
				SWIFT_EMIT_LOC_STRINGS = YES;
				SWIFT_VERSION = 5.0;
				TARGETED_DEVICE_FAMILY = "1,2";
			};
			name = Release;
		};
/* End XCBuildConfiguration section */

/* Begin XCConfigurationList section */
		3C08BAA32C8949E9007C34DC /* Build configuration list for PBXProject "ShineUp" */ = {
			isa = XCConfigurationList;
			buildConfigurations = (
				3C08BABA2C8949F1007C34DC /* Debug */,
				3C08BABB2C8949F1007C34DC /* Release */,
			);
			defaultConfigurationIsVisible = 0;
			defaultConfigurationName = Release;
		};
		3C08BABC2C8949F1007C34DC /* Build configuration list for PBXNativeTarget "ShineUp" */ = {
			isa = XCConfigurationList;
			buildConfigurations = (
				3C08BABD2C8949F1007C34DC /* Debug */,
				3C08BABE2C8949F1007C34DC /* Release */,
			);
			defaultConfigurationIsVisible = 0;
			defaultConfigurationName = Release;
		};
/* End XCConfigurationList section */
	};
	rootObject = 3C08BAA02C8949E9007C34DC /* Project object */;
}
